<?xml version="1.0" encoding="utf-8"?>
<Project ToolsVersion="4.0" xmlns="http://schemas.microsoft.com/developer/msbuild/2003">
  <ItemGroup>
    <Filter Include="Исходные файлы">
      <UniqueIdentifier>{4FC737F1-C7A5-4376-A066-2A32D752A2FF}</UniqueIdentifier>
      <Extensions>cpp;c;cc;cxx;def;odl;idl;hpj;bat;asm;asmx</Extensions>
    </Filter>
    <Filter Include="Файлы заголовков">
      <UniqueIdentifier>{93995380-89BD-4b04-88EB-625FBE52EBFB}</UniqueIdentifier>
      <Extensions>h;hh;hpp;hxx;hm;inl;inc;ipp;xsd</Extensions>
    </Filter>
    <Filter Include="Файлы ресурсов">
      <UniqueIdentifier>{67DA6AB6-F800-4c08-8B7A-83BB121AAD01}</UniqueIdentifier>
      <Extensions>rc;ico;cur;bmp;dlg;rc2;rct;bin;rgs;gif;jpg;jpeg;jpe;resx;tiff;tif;png;wav;mfcribbon-ms</Extensions>
    </Filter>
  </ItemGroup>
  <ItemGroup>
    <ClInclude Include="pch.h">
      <Filter>Файлы заголовков</Filter>
    </ClInclude>
    <ClInclude Include="EnvSimulatorGas.h">
      <Filter>Файлы заголовков</Filter>
    </ClInclude>
    <ClInclude Include="utils.h">
      <Filter>Файлы заголовков</Filter>
    </ClInclude>
    <ClInclude Include="Core\GasEnv.h">
      <Filter>Файлы заголовков</Filter>
    </ClInclude>
    <ClInclude Include="Core\GlobalData.h">
      <Filter>Файлы заголовков</Filter>
    </ClInclude>
    <ClInclude Include="Objects\BGTS.h">
      <Filter>Файлы заголовков</Filter>
    </ClInclude>
    <ClInclude Include="Objects\BIn.h">
      <Filter>Файлы заголовков</Filter>
    </ClInclude>
    <ClInclude Include="Objects\BLost.h">
      <Filter>Файлы заголовков</Filter>
    </ClInclude>
    <ClInclude Include="Objects\BManagedObject.h">
      <Filter>Файлы заголовков</Filter>
    </ClInclude>
    <ClInclude Include="Objects\BObject.h">
      <Filter>Файлы заголовков</Filter>
    </ClInclude>
    <ClInclude Include="Objects\BOut.h">
      <Filter>Файлы заголовков</Filter>
    </ClInclude>
    <ClInclude Include="Objects\BPipe.h">
      <Filter>Файлы заголовков</Filter>
    </ClInclude>
    <ClInclude Include="Objects\BRDValve.h">
      <Filter>Файлы заголовков</Filter>
    </ClInclude>
    <ClInclude Include="Objects\BShop.h">
      <Filter>Файлы заголовков</Filter>
    </ClInclude>
    <ClInclude Include="Objects\BShopAVO.h">
      <Filter>Файлы заголовков</Filter>
    </ClInclude>
    <ClInclude Include="Objects\BShopBypass.h">
      <Filter>Файлы заголовков</Filter>
    </ClInclude>
    <ClInclude Include="Objects\BShopGPA.h">
      <Filter>Файлы заголовков</Filter>
    </ClInclude>
    <ClInclude Include="Objects\BShopGPAGroup.h">
      <Filter>Файлы заголовков</Filter>
    </ClInclude>
    <ClInclude Include="Objects\BShopObject.h">
      <Filter>Файлы заголовков</Filter>
    </ClInclude>
    <ClInclude Include="Objects\BValve.h">
      <Filter>Файлы заголовков</Filter>
    </ClInclude>
    <ClInclude Include="Objects\Objects.h">
      <Filter>Файлы заголовков</Filter>
    </ClInclude>
    <ClInclude Include="Objects\RManagedParam.h">
      <Filter>Файлы заголовков</Filter>
    </ClInclude>
    <ClInclude Include="Objects\RShopsGroup.h">
      <Filter>Файлы заголовков</Filter>
    </ClInclude>
    <ClInclude Include="Core\ObjectsModel.h">
      <Filter>Файлы заголовков</Filter>
    </ClInclude>
    <ClInclude Include="NSI\BNSI.h">
      <Filter>Файлы заголовков</Filter>
    </ClInclude>
    <ClInclude Include="NSI\BNSIAVO.h">
      <Filter>Файлы заголовков</Filter>
    </ClInclude>
    <ClInclude Include="NSI\BNSIGPA.h">
      <Filter>Файлы заголовков</Filter>
    </ClInclude>
    <ClInclude Include="Connections\ConnectionsMatrix.h">
      <Filter>Файлы заголовков</Filter>
    </ClInclude>
    <ClInclude Include="Connections\Node.h">
      <Filter>Файлы заголовков</Filter>
    </ClInclude>
    <ClInclude Include="Core\OptDefines.h">
      <Filter>Файлы заголовков</Filter>
    </ClInclude>
    <ClInclude Include="Core\OptEnums.h">
      <Filter>Файлы заголовков</Filter>
    </ClInclude>
    <ClInclude Include="utils\StringUtils.h">
      <Filter>Файлы заголовков</Filter>
    </ClInclude>
    <ClInclude Include="utils\FileSystem.h">
      <Filter>Файлы заголовков</Filter>
    </ClInclude>
    <ClInclude Include="SimulationServer\SimulationServerImpl.h">
      <Filter>Файлы заголовков</Filter>
    </ClInclude>
    <ClInclude Include="SimulationServer\ServerMapper.h">
      <Filter>Файлы заголовков</Filter>
    </ClInclude>
    <ClInclude Include="Tasks\TrainingTask.h">
      <Filter>Файлы заголовков</Filter>
    </ClInclude>
    <ClInclude Include="Tasks\MaxThroughputTask.h">
      <Filter>Файлы заголовков</Filter>
    </ClInclude>
    <ClInclude Include="Tasks\SimpleTask.h">
      <Filter>Файлы заголовков</Filter>
    </ClInclude>
    <ClInclude Include="energyplatform\core\action.grpc.pb.h">
      <Filter>Файлы заголовков</Filter>
    </ClInclude>
    <ClInclude Include="energyplatform\core\action.pb.h">
      <Filter>Файлы заголовков</Filter>
    </ClInclude>
    <ClInclude Include="energyplatform\core\env_service.grpc.pb.h">
      <Filter>Файлы заголовков</Filter>
    </ClInclude>
    <ClInclude Include="energyplatform\core\env_service.pb.h">
      <Filter>Файлы заголовков</Filter>
    </ClInclude>
    <ClInclude Include="energyplatform\core\env_service_functions.grpc.pb.h">
      <Filter>Файлы заголовков</Filter>
    </ClInclude>
    <ClInclude Include="energyplatform\core\env_service_functions.pb.h">
      <Filter>Файлы заголовков</Filter>
    </ClInclude>
    <ClInclude Include="energyplatform\core\graph.grpc.pb.h">
      <Filter>Файлы заголовков</Filter>
    </ClInclude>
    <ClInclude Include="energyplatform\core\graph.pb.h">
      <Filter>Файлы заголовков</Filter>
    </ClInclude>
    <ClInclude Include="energyplatform\core\observation.grpc.pb.h">
      <Filter>Файлы заголовков</Filter>
    </ClInclude>
    <ClInclude Include="energyplatform\core\observation.pb.h">
      <Filter>Файлы заголовков</Filter>
    </ClInclude>
    <ClInclude Include="energyplatform\core\optimization_param.grpc.pb.h">
      <Filter>Файлы заголовков</Filter>
    </ClInclude>
    <ClInclude Include="energyplatform\core\optimization_param.pb.h">
      <Filter>Файлы заголовков</Filter>
    </ClInclude>
    <ClInclude Include="energyplatform\core\tasks.grpc.pb.h">
      <Filter>Файлы заголовков</Filter>
    </ClInclude>
    <ClInclude Include="energyplatform\core\tasks.pb.h">
      <Filter>Файлы заголовков</Filter>
    </ClInclude>
    <ClInclude Include="energyplatform\core\types.grpc.pb.h">
      <Filter>Файлы заголовков</Filter>
    </ClInclude>
    <ClInclude Include="energyplatform\core\types.pb.h">
      <Filter>Файлы заголовков</Filter>
    </ClInclude>
  </ItemGroup>
  <ItemGroup>
    <ClCompile Include="pch.cpp">
      <Filter>Исходные файлы</Filter>
    </ClCompile>
    <ClCompile Include="EnvSimulatorGas.cpp">
      <Filter>Исходные файлы</Filter>
    </ClCompile>
    <ClCompile Include="Core\GasEnv.cpp">
      <Filter>Исходные файлы</Filter>
    </ClCompile>
    <ClCompile Include="Core\GlobalData.cpp">
      <Filter>Исходные файлы</Filter>
    </ClCompile>
    <ClCompile Include="Objects\BGTS.cpp">
      <Filter>Исходные файлы</Filter>
    </ClCompile>
    <ClCompile Include="Objects\BIn.cpp">
      <Filter>Исходные файлы</Filter>
    </ClCompile>
    <ClCompile Include="Objects\BLost.cpp">
      <Filter>Исходные файлы</Filter>
    </ClCompile>
    <ClCompile Include="Objects\BManagedObject.cpp">
      <Filter>Исходные файлы</Filter>
    </ClCompile>
    <ClCompile Include="Objects\BObject.cpp">
      <Filter>Исходные файлы</Filter>
    </ClCompile>
    <ClCompile Include="Objects\BOut.cpp">
      <Filter>Исходные файлы</Filter>
    </ClCompile>
    <ClCompile Include="Objects\BPipe.cpp">
      <Filter>Исходные файлы</Filter>
    </ClCompile>
    <ClCompile Include="Objects\BRDValve.cpp">
      <Filter>Исходные файлы</Filter>
    </ClCompile>
    <ClCompile Include="Objects\BShop.cpp">
      <Filter>Исходные файлы</Filter>
    </ClCompile>
    <ClCompile Include="Objects\BShopAVO.cpp">
      <Filter>Исходные файлы</Filter>
    </ClCompile>
    <ClCompile Include="Objects\BShopBypass.cpp">
      <Filter>Исходные файлы</Filter>
    </ClCompile>
    <ClCompile Include="Objects\BShopGPA.cpp">
      <Filter>Исходные файлы</Filter>
    </ClCompile>
    <ClCompile Include="Objects\BShopGPAGroup.cpp">
      <Filter>Исходные файлы</Filter>
    </ClCompile>
    <ClCompile Include="Objects\BShopObject.cpp">
      <Filter>Исходные файлы</Filter>
    </ClCompile>
    <ClCompile Include="Objects\BValve.cpp">
      <Filter>Исходные файлы</Filter>
    </ClCompile>
    <ClCompile Include="Objects\RManagedParam.cpp">
      <Filter>Исходные файлы</Filter>
    </ClCompile>
    <ClCompile Include="Objects\RShopsGroup.cpp">
      <Filter>Исходные файлы</Filter>
    </ClCompile>
    <ClCompile Include="Core\ObjectsModel.cpp">
      <Filter>Исходные файлы</Filter>
    </ClCompile>
    <ClCompile Include="NSI\BNSI.cpp">
      <Filter>Исходные файлы</Filter>
    </ClCompile>
    <ClCompile Include="NSI\BNSIAVO.cpp">
      <Filter>Исходные файлы</Filter>
    </ClCompile>
    <ClCompile Include="NSI\BNSIGPA.cpp">
      <Filter>Исходные файлы</Filter>
    </ClCompile>
    <ClCompile Include="Connections\ConnectionsMatrix.cpp">
      <Filter>Исходные файлы</Filter>
    </ClCompile>
    <ClCompile Include="Connections\Node.cpp">
      <Filter>Исходные файлы</Filter>
    </ClCompile>
    <ClCompile Include="utils\FileSystem.cpp">
      <Filter>Исходные файлы</Filter>
    </ClCompile>
    <ClCompile Include="SimulationServer\SimulationServerImpl.cpp">
      <Filter>Исходные файлы</Filter>
    </ClCompile>
    <ClCompile Include="SimulationServer\ServerMapper.cpp">
      <Filter>Исходные файлы</Filter>
    </ClCompile>
    <ClCompile Include="Tasks\TrainingTask.cpp">
      <Filter>Исходные файлы</Filter>
    </ClCompile>
    <ClCompile Include="Tasks\MaxThroughputTask.cpp">
      <Filter>Исходные файлы</Filter>
    </ClCompile>
    <ClCompile Include="Tasks\SimpleTask.cpp">
      <Filter>Исходные файлы</Filter>
    </ClCompile>
    <ClCompile Include="energyplatform\core\action.grpc.pb.cc">
      <Filter>Исходные файлы</Filter>
    </ClCompile>
    <ClCompile Include="energyplatform\core\action.pb.cc">
      <Filter>Исходные файлы</Filter>
    </ClCompile>
    <ClCompile Include="energyplatform\core\env_service.grpc.pb.cc">
      <Filter>Исходные файлы</Filter>
    </ClCompile>
    <ClCompile Include="energyplatform\core\env_service.pb.cc">
      <Filter>Исходные файлы</Filter>
    </ClCompile>
    <ClCompile Include="energyplatform\core\env_service_functions.grpc.pb.cc">
      <Filter>Исходные файлы</Filter>
    </ClCompile>
    <ClCompile Include="energyplatform\core\env_service_functions.pb.cc">
      <Filter>Исходные файлы</Filter>
    </ClCompile>
    <ClCompile Include="energyplatform\core\graph.grpc.pb.cc">
      <Filter>Исходные файлы</Filter>
    </ClCompile>
    <ClCompile Include="energyplatform\core\graph.pb.cc">
      <Filter>Исходные файлы</Filter>
    </ClCompile>
    <ClCompile Include="energyplatform\core\observation.grpc.pb.cc">
      <Filter>Исходные файлы</Filter>
    </ClCompile>
    <ClCompile Include="energyplatform\core\observation.pb.cc">
      <Filter>Исходные файлы</Filter>
    </ClCompile>
    <ClCompile Include="energyplatform\core\optimization_param.grpc.pb.cc">
      <Filter>Исходные файлы</Filter>
    </ClCompile>
    <ClCompile Include="energyplatform\core\optimization_param.pb.cc">
      <Filter>Исходные файлы</Filter>
    </ClCompile>
    <ClCompile Include="energyplatform\core\tasks.grpc.pb.cc">
      <Filter>Исходные файлы</Filter>
    </ClCompile>
    <ClCompile Include="energyplatform\core\tasks.pb.cc">
      <Filter>Исходные файлы</Filter>
    </ClCompile>
    <ClCompile Include="energyplatform\core\types.grpc.pb.cc">
      <Filter>Исходные файлы</Filter>
    </ClCompile>
    <ClCompile Include="energyplatform\core\types.pb.cc">
      <Filter>Исходные файлы</Filter>
    </ClCompile>
  </ItemGroup>
</Project>